
Microsoft Visual Studio Solution File, Format Version 12.00
# Visual Studio Version 17
VisualStudioVersion = 17.12.35707.178
MinimumVisualStudioVersion = 10.0.40219.1
Project("{FAE04EC0-301F-11D3-BF4B-00C04F79EFBC}") = "PredatorApp", "PredatorApp\PredatorApp.csproj", "{9A0B3C4C-F30B-4036-B3F6-30ABF60D2DBB}"
EndProject
Project("{FAE04EC0-301F-11D3-BF4B-00C04F79EFBC}") = "CoreEngine", "CoreEngine\CoreEngine.csproj", "{0C67425E-C637-4616-B59E-16CFE4E7B817}"
EndProject
Global
	GlobalSection(SolutionConfigurationPlatforms) = preSolution
		Debug|Any CPU = Debug|Any CPU
		Release|Any CPU = Release|Any CPU
	EndGlobalSection
	GlobalSection(ProjectConfigurationPlatforms) = postSolution
		{9A0B3C4C-F30B-4036-B3F6-30ABF60D2DBB}.Debug|Any CPU.ActiveCfg = Debug|Any CPU
		{9A0B3C4C-F30B-4036-B3F6-30ABF60D2DBB}.Debug|Any CPU.Build.0 = Debug|Any CPU
		{9A0B3C4C-F30B-4036-B3F6-30ABF60D2DBB}.Release|Any CPU.ActiveCfg = Release|Any CPU
		{9A0B3C4C-F30B-4036-B3F6-30ABF60D2DBB}.Release|Any CPU.Build.0 = Release|Any CPU
		{0C67425E-C637-4616-B59E-16CFE4E7B817}.Debug|Any CPU.ActiveCfg = Debug|Any CPU
		{0C67425E-C637-4616-B59E-16CFE4E7B817}.Debug|Any CPU.Build.0 = Debug|Any CPU
		{0C67425E-C637-4616-B59E-16CFE4E7B817}.Release|Any CPU.ActiveCfg = Release|Any CPU
		{0C67425E-C637-4616-B59E-16CFE4E7B817}.Release|Any CPU.Build.0 = Release|Any CPU
	EndGlobalSection
	GlobalSection(SolutionProperties) = preSolution
		HideSolutionNode = FALSE
	EndGlobalSection
EndGlobal
